
Microsoft Visual Studio Solution File, Format Version 10.00
# Visual Studio 2008
Project("{8BC9CEB8-8B4A-11D0-8D11-00A0C91BC942}") = "20140414", "20140414\20140414.vcproj", "{27E59FE0-602C-4BC6-AF36-E305550DA43B}"
EndProject
Project("{8BC9CEB8-8B4A-11D0-8D11-00A0C91BC942}") = "20140415", "20140415\20140415.vcproj", "{3A26A649-10CD-4F1E-A197-B46DE2E26F09}"
EndProject
Project("{8BC9CEB8-8B4A-11D0-8D11-00A0C91BC942}") = "20140416", "20140416\20140416.vcproj", "{A131E7C7-CFB8-42B7-9591-8753C9911A7B}"
EndProject
Project("{8BC9CEB8-8B4A-11D0-8D11-00A0C91BC942}") = "20140418", "20140418\20140418.vcproj", "{49C85848-6085-4BDD-AB87-7B942330FFE6}"
EndProject
Project("{8BC9CEB8-8B4A-11D0-8D11-00A0C91BC942}") = "20140421", "20140421\20140421.vcproj", "{D2567C0B-0811-40FF-9529-B2BCE317BAC6}"
EndProject
Project("{8BC9CEB8-8B4A-11D0-8D11-00A0C91BC942}") = "20140422", "20140422\20140422.vcproj", "{B27C10B7-B6DD-4507-BEFD-7B0B5C3C6A64}"
EndProject
Project("{8BC9CEB8-8B4A-11D0-8D11-00A0C91BC942}") = "20140423", "20140423\20140423.vcproj", "{42CFFD4B-9614-4621-B1A9-EE709DD77BA4}"
EndProject
Project("{8BC9CEB8-8B4A-11D0-8D11-00A0C91BC942}") = "20140425", "20140425\20140425.vcproj", "{A20CDC07-6FAA-45DD-91B3-4110C29BE5E4}"
EndProject
Project("{8BC9CEB8-8B4A-11D0-8D11-00A0C91BC942}") = "20140429", "20140429\20140429.vcproj", "{A4207E23-E0C3-4CAC-91B2-EE31D2A045B7}"
EndProject
Global
	GlobalSection(SolutionConfigurationPlatforms) = preSolution
		Debug|Win32 = Debug|Win32
		Release|Win32 = Release|Win32
	EndGlobalSection
	GlobalSection(ProjectConfigurationPlatforms) = postSolution
		{27E59FE0-602C-4BC6-AF36-E305550DA43B}.Debug|Win32.ActiveCfg = Debug|Win32
		{27E59FE0-602C-4BC6-AF36-E305550DA43B}.Debug|Win32.Build.0 = Debug|Win32
		{27E59FE0-602C-4BC6-AF36-E305550DA43B}.Release|Win32.ActiveCfg = Release|Win32
		{27E59FE0-602C-4BC6-AF36-E305550DA43B}.Release|Win32.Build.0 = Release|Win32
		{3A26A649-10CD-4F1E-A197-B46DE2E26F09}.Debug|Win32.ActiveCfg = Debug|Win32
		{3A26A649-10CD-4F1E-A197-B46DE2E26F09}.Debug|Win32.Build.0 = Debug|Win32
		{3A26A649-10CD-4F1E-A197-B46DE2E26F09}.Release|Win32.ActiveCfg = Release|Win32
		{3A26A649-10CD-4F1E-A197-B46DE2E26F09}.Release|Win32.Build.0 = Release|Win32
		{A131E7C7-CFB8-42B7-9591-8753C9911A7B}.Debug|Win32.ActiveCfg = Debug|Win32
		{A131E7C7-CFB8-42B7-9591-8753C9911A7B}.Debug|Win32.Build.0 = Debug|Win32
		{A131E7C7-CFB8-42B7-9591-8753C9911A7B}.Release|Win32.ActiveCfg = Release|Win32
		{A131E7C7-CFB8-42B7-9591-8753C9911A7B}.Release|Win32.Build.0 = Release|Win32
		{49C85848-6085-4BDD-AB87-7B942330FFE6}.Debug|Win32.ActiveCfg = Debug|Win32
		{49C85848-6085-4BDD-AB87-7B942330FFE6}.Debug|Win32.Build.0 = Debug|Win32
		{49C85848-6085-4BDD-AB87-7B942330FFE6}.Release|Win32.ActiveCfg = Release|Win32
		{49C85848-6085-4BDD-AB87-7B942330FFE6}.Release|Win32.Build.0 = Release|Win32
		{D2567C0B-0811-40FF-9529-B2BCE317BAC6}.Debug|Win32.ActiveCfg = Debug|Win32
		{D2567C0B-0811-40FF-9529-B2BCE317BAC6}.Debug|Win32.Build.0 = Debug|Win32
		{D2567C0B-0811-40FF-9529-B2BCE317BAC6}.Release|Win32.ActiveCfg = Release|Win32
		{D2567C0B-0811-40FF-9529-B2BCE317BAC6}.Release|Win32.Build.0 = Release|Win32
		{B27C10B7-B6DD-4507-BEFD-7B0B5C3C6A64}.Debug|Win32.ActiveCfg = Debug|Win32
		{B27C10B7-B6DD-4507-BEFD-7B0B5C3C6A64}.Debug|Win32.Build.0 = Debug|Win32
		{B27C10B7-B6DD-4507-BEFD-7B0B5C3C6A64}.Release|Win32.ActiveCfg = Release|Win32
		{B27C10B7-B6DD-4507-BEFD-7B0B5C3C6A64}.Release|Win32.Build.0 = Release|Win32
		{42CFFD4B-9614-4621-B1A9-EE709DD77BA4}.Debug|Win32.ActiveCfg = Debug|Win32
		{42CFFD4B-9614-4621-B1A9-EE709DD77BA4}.Debug|Win32.Build.0 = Debug|Win32
		{42CFFD4B-9614-4621-B1A9-EE709DD77BA4}.Release|Win32.ActiveCfg = Release|Win32
		{42CFFD4B-9614-4621-B1A9-EE709DD77BA4}.Release|Win32.Build.0 = Release|Win32
		{A20CDC07-6FAA-45DD-91B3-4110C29BE5E4}.Debug|Win32.ActiveCfg = Debug|Win32
		{A20CDC07-6FAA-45DD-91B3-4110C29BE5E4}.Debug|Win32.Build.0 = Debug|Win32
		{A20CDC07-6FAA-45DD-91B3-4110C29BE5E4}.Release|Win32.ActiveCfg = Release|Win32
		{A20CDC07-6FAA-45DD-91B3-4110C29BE5E4}.Release|Win32.Build.0 = Release|Win32
		{A4207E23-E0C3-4CAC-91B2-EE31D2A045B7}.Debug|Win32.ActiveCfg = Debug|Win32
		{A4207E23-E0C3-4CAC-91B2-EE31D2A045B7}.Debug|Win32.Build.0 = Debug|Win32
		{A4207E23-E0C3-4CAC-91B2-EE31D2A045B7}.Release|Win32.ActiveCfg = Release|Win32
		{A4207E23-E0C3-4CAC-91B2-EE31D2A045B7}.Release|Win32.Build.0 = Release|Win32
	EndGlobalSection
	GlobalSection(SolutionProperties) = preSolution
		HideSolutionNode = FALSE
	EndGlobalSection
EndGlobal
