
Microsoft Visual Studio Solution File, Format Version 10.00
# Visual Studio 2008
Project("{8BC9CEB8-8B4A-11D0-8D11-00A0C91BC942}") = "20140414", "20140414\20140414.vcproj", "{27E59FE0-602C-4BC6-AF36-E305550DA43B}"
EndProject
Project("{8BC9CEB8-8B4A-11D0-8D11-00A0C91BC942}") = "20140415", "20140415\20140415.vcproj", "{3A26A649-10CD-4F1E-A197-B46DE2E26F09}"
EndProject
Global
	GlobalSection(SolutionConfigurationPlatforms) = preSolution
		Debug|Win32 = Debug|Win32
		Release|Win32 = Release|Win32
	EndGlobalSection
	GlobalSection(ProjectConfigurationPlatforms) = postSolution
		{27E59FE0-602C-4BC6-AF36-E305550DA43B}.Debug|Win32.ActiveCfg = Debug|Win32
		{27E59FE0-602C-4BC6-AF36-E305550DA43B}.Debug|Win32.Build.0 = Debug|Win32
		{27E59FE0-602C-4BC6-AF36-E305550DA43B}.Release|Win32.ActiveCfg = Release|Win32
		{27E59FE0-602C-4BC6-AF36-E305550DA43B}.Release|Win32.Build.0 = Release|Win32
		{3A26A649-10CD-4F1E-A197-B46DE2E26F09}.Debug|Win32.ActiveCfg = Debug|Win32
		{3A26A649-10CD-4F1E-A197-B46DE2E26F09}.Debug|Win32.Build.0 = Debug|Win32
		{3A26A649-10CD-4F1E-A197-B46DE2E26F09}.Release|Win32.ActiveCfg = Release|Win32
		{3A26A649-10CD-4F1E-A197-B46DE2E26F09}.Release|Win32.Build.0 = Release|Win32
	EndGlobalSection
	GlobalSection(SolutionProperties) = preSolution
		HideSolutionNode = FALSE
	EndGlobalSection
EndGlobal
